
Microsoft Visual Studio Solution File, Format Version 12.00
# Visual Studio Version 16
VisualStudioVersion = 16.0.31613.86
MinimumVisualStudioVersion = 10.0.40219.1
Project("{FAE04EC0-301F-11D3-BF4B-00C04F79EFBC}") = "WebApi", "WebApi\WebApi.csproj", "{C2A53161-1450-4F08-9AC2-B82525B0C68B}"
EndProject
Project("{FAE04EC0-301F-11D3-BF4B-00C04F79EFBC}") = "UI.WebApiClient", "UI.WebApiClient\UI.WebApiClient.csproj", "{C2DE46F6-CB42-45F0-8DD4-4C26BDC6A3A3}"
EndProject
Global
	GlobalSection(SolutionConfigurationPlatforms) = preSolution
		Debug|Any CPU = Debug|Any CPU
		Release|Any CPU = Release|Any CPU
	EndGlobalSection
	GlobalSection(ProjectConfigurationPlatforms) = postSolution
		{C2A53161-1450-4F08-9AC2-B82525B0C68B}.Debug|Any CPU.ActiveCfg = Debug|Any CPU
		{C2A53161-1450-4F08-9AC2-B82525B0C68B}.Debug|Any CPU.Build.0 = Debug|Any CPU
		{C2A53161-1450-4F08-9AC2-B82525B0C68B}.Release|Any CPU.ActiveCfg = Release|Any CPU
		{C2A53161-1450-4F08-9AC2-B82525B0C68B}.Release|Any CPU.Build.0 = Release|Any CPU
		{C2DE46F6-CB42-45F0-8DD4-4C26BDC6A3A3}.Debug|Any CPU.ActiveCfg = Debug|Any CPU
		{C2DE46F6-CB42-45F0-8DD4-4C26BDC6A3A3}.Debug|Any CPU.Build.0 = Debug|Any CPU
		{C2DE46F6-CB42-45F0-8DD4-4C26BDC6A3A3}.Release|Any CPU.ActiveCfg = Release|Any CPU
		{C2DE46F6-CB42-45F0-8DD4-4C26BDC6A3A3}.Release|Any CPU.Build.0 = Release|Any CPU
	EndGlobalSection
	GlobalSection(SolutionProperties) = preSolution
		HideSolutionNode = FALSE
	EndGlobalSection
	GlobalSection(ExtensibilityGlobals) = postSolution
		SolutionGuid = {4EB10830-81F2-41D3-BE26-0D93B864EDF9}
	EndGlobalSection
EndGlobal
